
Microsoft Visual Studio Solution File, Format Version 12.00
# Visual Studio Version 17
VisualStudioVersion = 17.5.33502.453
MinimumVisualStudioVersion = 10.0.40219.1
Project("{FAE04EC0-301F-11D3-BF4B-00C04F79EFBC}") = "NetCoreWebApi", "NetCoreWebApi\NetCoreWebApi.csproj", "{2DAD87B3-044B-4449-8F73-81886123134B}"
EndProject
Global
	GlobalSection(SolutionConfigurationPlatforms) = preSolution
		Debug|Any CPU = Debug|Any CPU
		Release|Any CPU = Release|Any CPU
	EndGlobalSection
	GlobalSection(ProjectConfigurationPlatforms) = postSolution
		{2DAD87B3-044B-4449-8F73-81886123134B}.Debug|Any CPU.ActiveCfg = Debug|Any CPU
		{2DAD87B3-044B-4449-8F73-81886123134B}.Debug|Any CPU.Build.0 = Debug|Any CPU
		{2DAD87B3-044B-4449-8F73-81886123134B}.Release|Any CPU.ActiveCfg = Release|Any CPU
		{2DAD87B3-044B-4449-8F73-81886123134B}.Release|Any CPU.Build.0 = Release|Any CPU
	EndGlobalSection
	GlobalSection(SolutionProperties) = preSolution
		HideSolutionNode = FALSE
	EndGlobalSection
	GlobalSection(ExtensibilityGlobals) = postSolution
		SolutionGuid = {E30F43DE-928E-4FC1-BB0A-1427A40BD4D9}
	EndGlobalSection
EndGlobal
